
Microsoft Visual Studio Solution File, Format Version 12.00
# Visual Studio 2012
Project("{FAE04EC0-301F-11D3-BF4B-00C04F79EFBC}") = "TratamentoDeErros", "TratamentoDeErros\TratamentoDeErros.csproj", "{A90A082B-F45A-49DC-A38D-7C1479009942}"
EndProject
Global
	GlobalSection(SolutionConfigurationPlatforms) = preSolution
		Debug|x86 = Debug|x86
		Release|x86 = Release|x86
	EndGlobalSection
	GlobalSection(ProjectConfigurationPlatforms) = postSolution
		{A90A082B-F45A-49DC-A38D-7C1479009942}.Debug|x86.ActiveCfg = Debug|x86
		{A90A082B-F45A-49DC-A38D-7C1479009942}.Debug|x86.Build.0 = Debug|x86
		{A90A082B-F45A-49DC-A38D-7C1479009942}.Release|x86.ActiveCfg = Release|x86
		{A90A082B-F45A-49DC-A38D-7C1479009942}.Release|x86.Build.0 = Release|x86
	EndGlobalSection
EndGlobal
